{
	"name": "wikimedia-dodo",
	"version": "0.0.1",
	"lockfileVersion": 2,
	"requires": true,
	"packages": {
		"": {
			"name": "wikimedia-dodo",
			"version": "0.0.1",
			"license": "MIT",
			"devDependencies": {
				"js2php": "github:drynok/js2php"
			}
		},
		"node_modules/espree": {
			"version": "2.2.5",
			"resolved": "https://registry.npmjs.org/espree/-/espree-2.2.5.tgz",
			"integrity": "sha1-32kbkxCIlAKuspzAZnCMVmkLhUs=",
			"dev": true,
			"bin": {
				"esparse": "bin/esparse.js",
				"esvalidate": "bin/esvalidate.js"
			},
			"engines": {
				"node": ">=0.10.0"
			}
		},
		"node_modules/js2php": {
			"version": "0.1.7",
			"resolved": "git+ssh://git@github.com/drynok/js2php.git#a38d2162c210fd83520ee38fdcf2563667a49709",
			"integrity": "sha512-ZQJpgKpx6QIaK/UM2c+AI8WrjArTpwKGfFfqr1yFOl18vgr2U5mSTQL2PFY1cifym2rBstwyms4nfELxjw5Ckg==",
			"dev": true,
			"license": "MIT",
			"dependencies": {
				"espree": "~2.2.3"
			},
			"bin": {
				"js2php": "js2php"
			}
		}
	},
	"dependencies": {
		"espree": {
			"version": "2.2.5",
			"resolved": "https://registry.npmjs.org/espree/-/espree-2.2.5.tgz",
			"integrity": "sha1-32kbkxCIlAKuspzAZnCMVmkLhUs=",
			"dev": true
		},
		"js2php": {
			"version": "git+ssh://git@github.com/drynok/js2php.git#a38d2162c210fd83520ee38fdcf2563667a49709",
			"dev": true,
			"from": "js2php@github:drynok/js2php",
			"requires": {
				"espree": "~2.2.3"
			}
		}
	}
}
